
Microsoft Visual Studio Solution File, Format Version 12.00
# Visual Studio Version 17
VisualStudioVersion = 17.0.31903.59
MinimumVisualStudioVersion = 10.0.40219.1
Project("{9A19103F-16F7-4668-BE54-9A1E7A4F7556}") = "PhiDeidPortal.Ui", "ui\mvc\PhiDeidPortal.Ui.csproj", "{FC0B1CE8-27BE-46C7-9DE0-E1C4166EB872}"
EndProject
Global
	GlobalSection(SolutionConfigurationPlatforms) = preSolution
		Debug|Any CPU = Debug|Any CPU
		Release|Any CPU = Release|Any CPU
	EndGlobalSection
	GlobalSection(ProjectConfigurationPlatforms) = postSolution
		{FC0B1CE8-27BE-46C7-9DE0-E1C4166EB872}.Debug|Any CPU.ActiveCfg = Debug|Any CPU
		{FC0B1CE8-27BE-46C7-9DE0-E1C4166EB872}.Debug|Any CPU.Build.0 = Debug|Any CPU
		{FC0B1CE8-27BE-46C7-9DE0-E1C4166EB872}.Release|Any CPU.ActiveCfg = Release|Any CPU
		{FC0B1CE8-27BE-46C7-9DE0-E1C4166EB872}.Release|Any CPU.Build.0 = Release|Any CPU
	EndGlobalSection
	GlobalSection(SolutionProperties) = preSolution
		HideSolutionNode = FALSE
	EndGlobalSection
EndGlobal
